
Microsoft Visual Studio Solution File, Format Version 12.00
# Visual Studio Version 17
VisualStudioVersion = 17.2.32630.192
MinimumVisualStudioVersion = 10.0.40219.1
Project("{FAE04EC0-301F-11D3-BF4B-00C04F79EFBC}") = "OthelloApp.ConsoleApp", "OthelloApp.Console\OthelloApp.ConsoleApp.csproj", "{58589439-E8AB-4930-A4D8-F96FA68E8AE2}"
EndProject
Project("{FAE04EC0-301F-11D3-BF4B-00C04F79EFBC}") = "OthelloApp.Core", "OthelloApp.Core\OthelloApp.Core.csproj", "{44F8C0C7-D4BB-146C-42CF-E1E7FAD58109}"
EndProject
Global
	GlobalSection(SolutionConfigurationPlatforms) = preSolution
		Debug|Any CPU = Debug|Any CPU
		Release|Any CPU = Release|Any CPU
	EndGlobalSection
	GlobalSection(ProjectConfigurationPlatforms) = postSolution
		{58589439-E8AB-4930-A4D8-F96FA68E8AE2}.Debug|Any CPU.ActiveCfg = Debug|Any CPU
		{58589439-E8AB-4930-A4D8-F96FA68E8AE2}.Debug|Any CPU.Build.0 = Debug|Any CPU
		{58589439-E8AB-4930-A4D8-F96FA68E8AE2}.Release|Any CPU.ActiveCfg = Release|Any CPU
		{58589439-E8AB-4930-A4D8-F96FA68E8AE2}.Release|Any CPU.Build.0 = Release|Any CPU
		{44F8C0C7-D4BB-146C-42CF-E1E7FAD58109}.Debug|Any CPU.ActiveCfg = Debug|Any CPU
		{44F8C0C7-D4BB-146C-42CF-E1E7FAD58109}.Debug|Any CPU.Build.0 = Debug|Any CPU
		{44F8C0C7-D4BB-146C-42CF-E1E7FAD58109}.Release|Any CPU.ActiveCfg = Release|Any CPU
		{44F8C0C7-D4BB-146C-42CF-E1E7FAD58109}.Release|Any CPU.Build.0 = Release|Any CPU
	EndGlobalSection
	GlobalSection(SolutionProperties) = preSolution
		HideSolutionNode = FALSE
	EndGlobalSection
	GlobalSection(ExtensibilityGlobals) = postSolution
		SolutionGuid = {E96773C2-00F3-4A09-9E94-28B87431B5BF}
	EndGlobalSection
EndGlobal
